// !$*UTF8*$!
{
	archiveVersion = 1;
	classes = {
	};
	objectVersion = 50;
	objects = {

/* Begin PBXBuildFile section */
		838723532500999900FFF703 /* MKPointAnnotation-ObservableObject.swift in Sources */ = {isa = PBXBuildFile; fileRef = 838723522500999900FFF703 /* MKPointAnnotation-ObservableObject.swift */; };
		8387235525009A9600FFF703 /* EditView.swift in Sources */ = {isa = PBXBuildFile; fileRef = 8387235425009A9600FFF703 /* EditView.swift */; };
		838723572500A75100FFF703 /* Result.swift in Sources */ = {isa = PBXBuildFile; fileRef = 838723562500A75100FFF703 /* Result.swift */; };
		838723592501288F00FFF703 /* MKPointAnnotation-Codable.swift in Sources */ = {isa = PBXBuildFile; fileRef = 838723582501288F00FFF703 /* MKPointAnnotation-Codable.swift */; };
		83E3AE5724FBE5AA00D76019 /* AppDelegate.swift in Sources */ = {isa = PBXBuildFile; fileRef = 83E3AE5624FBE5AA00D76019 /* AppDelegate.swift */; };
		83E3AE5924FBE5AA00D76019 /* SceneDelegate.swift in Sources */ = {isa = PBXBuildFile; fileRef = 83E3AE5824FBE5AA00D76019 /* SceneDelegate.swift */; };
		83E3AE5B24FBE5AA00D76019 /* ContentView.swift in Sources */ = {isa = PBXBuildFile; fileRef = 83E3AE5A24FBE5AA00D76019 /* ContentView.swift */; };
		83E3AE5D24FBE5AE00D76019 /* Assets.xcassets in Resources */ = {isa = PBXBuildFile; fileRef = 83E3AE5C24FBE5AE00D76019 /* Assets.xcassets */; };
		83E3AE6024FBE5AE00D76019 /* Preview Assets.xcassets in Resources */ = {isa = PBXBuildFile; fileRef = 83E3AE5F24FBE5AE00D76019 /* Preview Assets.xcassets */; };
		83E3AE6324FBE5AE00D76019 /* LaunchScreen.storyboard in Resources */ = {isa = PBXBuildFile; fileRef = 83E3AE6124FBE5AE00D76019 /* LaunchScreen.storyboard */; };
		83E3AE6B24FC8EE800D76019 /* MapView.swift in Sources */ = {isa = PBXBuildFile; fileRef = 83E3AE6A24FC8EE800D76019 /* MapView.swift */; };
/* End PBXBuildFile section */

/* Begin PBXFileReference section */
		838723522500999900FFF703 /* MKPointAnnotation-ObservableObject.swift */ = {isa = PBXFileReference; lastKnownFileType = sourcecode.swift; path = "MKPointAnnotation-ObservableObject.swift"; sourceTree = "<group>"; };
		8387235425009A9600FFF703 /* EditView.swift */ = {isa = PBXFileReference; lastKnownFileType = sourcecode.swift; path = EditView.swift; sourceTree = "<group>"; };
		838723562500A75100FFF703 /* Result.swift */ = {isa = PBXFileReference; lastKnownFileType = sourcecode.swift; path = Result.swift; sourceTree = "<group>"; };
		838723582501288F00FFF703 /* MKPointAnnotation-Codable.swift */ = {isa = PBXFileReference; lastKnownFileType = sourcecode.swift; path = "MKPointAnnotation-Codable.swift"; sourceTree = "<group>"; };
		83E3AE5324FBE5AA00D76019 /* BucketList.app */ = {isa = PBXFileReference; explicitFileType = wrapper.application; includeInIndex = 0; path = BucketList.app; sourceTree = BUILT_PRODUCTS_DIR; };
		83E3AE5624FBE5AA00D76019 /* AppDelegate.swift */ = {isa = PBXFileReference; lastKnownFileType = sourcecode.swift; path = AppDelegate.swift; sourceTree = "<group>"; };
		83E3AE5824FBE5AA00D76019 /* SceneDelegate.swift */ = {isa = PBXFileReference; lastKnownFileType = sourcecode.swift; path = SceneDelegate.swift; sourceTree = "<group>"; };
		83E3AE5A24FBE5AA00D76019 /* ContentView.swift */ = {isa = PBXFileReference; lastKnownFileType = sourcecode.swift; path = ContentView.swift; sourceTree = "<group>"; };
		83E3AE5C24FBE5AE00D76019 /* Assets.xcassets */ = {isa = PBXFileReference; lastKnownFileType = folder.assetcatalog; path = Assets.xcassets; sourceTree = "<group>"; };
		83E3AE5F24FBE5AE00D76019 /* Preview Assets.xcassets */ = {isa = PBXFileReference; lastKnownFileType = folder.assetcatalog; path = "Preview Assets.xcassets"; sourceTree = "<group>"; };
		83E3AE6224FBE5AE00D76019 /* Base */ = {isa = PBXFileReference; lastKnownFileType = file.storyboard; name = Base; path = Base.lproj/LaunchScreen.storyboard; sourceTree = "<group>"; };
		83E3AE6424FBE5AE00D76019 /* Info.plist */ = {isa = PBXFileReference; lastKnownFileType = text.plist.xml; path = Info.plist; sourceTree = "<group>"; };
		83E3AE6A24FC8EE800D76019 /* MapView.swift */ = {isa = PBXFileReference; lastKnownFileType = sourcecode.swift; path = MapView.swift; sourceTree = "<group>"; };
/* End PBXFileReference section */

/* Begin PBXFrameworksBuildPhase section */
		83E3AE5024FBE5AA00D76019 /* Frameworks */ = {
			isa = PBXFrameworksBuildPhase;
			buildActionMask = 2147483647;
			files = (
			);
			runOnlyForDeploymentPostprocessing = 0;
		};
/* End PBXFrameworksBuildPhase section */

/* Begin PBXGroup section */
		83E3AE4A24FBE5AA00D76019 = {
			isa = PBXGroup;
			children = (
				83E3AE5524FBE5AA00D76019 /* BucketList */,
				83E3AE5424FBE5AA00D76019 /* Products */,
			);
			sourceTree = "<group>";
		};
		83E3AE5424FBE5AA00D76019 /* Products */ = {
			isa = PBXGroup;
			children = (
				83E3AE5324FBE5AA00D76019 /* BucketList.app */,
			);
			name = Products;
			sourceTree = "<group>";
		};
		83E3AE5524FBE5AA00D76019 /* BucketList */ = {
			isa = PBXGroup;
			children = (
				83E3AE6A24FC8EE800D76019 /* MapView.swift */,
				83E3AE5624FBE5AA00D76019 /* AppDelegate.swift */,
				83E3AE5824FBE5AA00D76019 /* SceneDelegate.swift */,
				83E3AE5A24FBE5AA00D76019 /* ContentView.swift */,
				838723522500999900FFF703 /* MKPointAnnotation-ObservableObject.swift */,
				838723582501288F00FFF703 /* MKPointAnnotation-Codable.swift */,
				8387235425009A9600FFF703 /* EditView.swift */,
				838723562500A75100FFF703 /* Result.swift */,
				83E3AE5C24FBE5AE00D76019 /* Assets.xcassets */,
				83E3AE6124FBE5AE00D76019 /* LaunchScreen.storyboard */,
				83E3AE6424FBE5AE00D76019 /* Info.plist */,
				83E3AE5E24FBE5AE00D76019 /* Preview Content */,
			);
			path = BucketList;
			sourceTree = "<group>";
		};
		83E3AE5E24FBE5AE00D76019 /* Preview Content */ = {
			isa = PBXGroup;
			children = (
				83E3AE5F24FBE5AE00D76019 /* Preview Assets.xcassets */,
			);
			path = "Preview Content";
			sourceTree = "<group>";
		};
/* End PBXGroup section */

/* Begin PBXNativeTarget section */
		83E3AE5224FBE5AA00D76019 /* BucketList */ = {
			isa = PBXNativeTarget;
			buildConfigurationList = 83E3AE6724FBE5AE00D76019 /* Build configuration list for PBXNativeTarget "BucketList" */;
			buildPhases = (
				83E3AE4F24FBE5AA00D76019 /* Sources */,
				83E3AE5024FBE5AA00D76019 /* Frameworks */,
				83E3AE5124FBE5AA00D76019 /* Resources */,
			);
			buildRules = (
			);
			dependencies = (
			);
			name = BucketList;
			productName = BucketList;
			productReference = 83E3AE5324FBE5AA00D76019 /* BucketList.app */;
			productType = "com.apple.product-type.application";
		};
/* End PBXNativeTarget section */

/* Begin PBXProject section */
		83E3AE4B24FBE5AA00D76019 /* Project object */ = {
			isa = PBXProject;
			attributes = {
				LastSwiftUpdateCheck = 1160;
				LastUpgradeCheck = 1160;
				ORGANIZATIONNAME = "Vegesna, Vijay V";
				TargetAttributes = {
					83E3AE5224FBE5AA00D76019 = {
						CreatedOnToolsVersion = 11.6;
					};
				};
			};
			buildConfigurationList = 83E3AE4E24FBE5AA00D76019 /* Build configuration list for PBXProject "BucketList" */;
			compatibilityVersion = "Xcode 9.3";
			developmentRegion = en;
			hasScannedForEncodings = 0;
			knownRegions = (
				en,
				Base,
			);
			mainGroup = 83E3AE4A24FBE5AA00D76019;
			productRefGroup = 83E3AE5424FBE5AA00D76019 /* Products */;
			projectDirPath = "";
			projectRoot = "";
			targets = (
				83E3AE5224FBE5AA00D76019 /* BucketList */,
			);
		};
/* End PBXProject section */

/* Begin PBXResourcesBuildPhase section */
		83E3AE5124FBE5AA00D76019 /* Resources */ = {
			isa = PBXResourcesBuildPhase;
			buildActionMask = 2147483647;
			files = (
				83E3AE6324FBE5AE00D76019 /* LaunchScreen.storyboard in Resources */,
				83E3AE6024FBE5AE00D76019 /* Preview Assets.xcassets in Resources */,
				83E3AE5D24FBE5AE00D76019 /* Assets.xcassets in Resources */,
			);
			runOnlyForDeploymentPostprocessing = 0;
		};
/* End PBXResourcesBuildPhase section */

/* Begin PBXSourcesBuildPhase section */
		83E3AE4F24FBE5AA00D76019 /* Sources */ = {
			isa = PBXSourcesBuildPhase;
			buildActionMask = 2147483647;
			files = (
				83E3AE5724FBE5AA00D76019 /* AppDelegate.swift in Sources */,
				83E3AE6B24FC8EE800D76019 /* MapView.swift in Sources */,
				8387235525009A9600FFF703 /* EditView.swift in Sources */,
				83E3AE5924FBE5AA00D76019 /* SceneDelegate.swift in Sources */,
				838723572500A75100FFF703 /* Result.swift in Sources */,
				838723532500999900FFF703 /* MKPointAnnotation-ObservableObject.swift in Sources */,
				838723592501288F00FFF703 /* MKPointAnnotation-Codable.swift in Sources */,
				83E3AE5B24FBE5AA00D76019 /* ContentView.swift in Sources */,
			);
			runOnlyForDeploymentPostprocessing = 0;
		};
/* End PBXSourcesBuildPhase section */

/* Begin PBXVariantGroup section */
		83E3AE6124FBE5AE00D76019 /* LaunchScreen.storyboard */ = {
			isa = PBXVariantGroup;
			children = (
				83E3AE6224FBE5AE00D76019 /* Base */,
			);
			name = LaunchScreen.storyboard;
			sourceTree = "<group>";
		};
/* End PBXVariantGroup section */

/* Begin XCBuildConfiguration section */
		83E3AE6524FBE5AE00D76019 /* Debug */ = {
			isa = XCBuildConfiguration;
			buildSettings = {
				ALWAYS_SEARCH_USER_PATHS = NO;
				CLANG_ANALYZER_NONNULL = YES;
				CLANG_ANALYZER_NUMBER_OBJECT_CONVERSION = YES_AGGRESSIVE;
				CLANG_CXX_LANGUAGE_STANDARD = "gnu++14";
				CLANG_CXX_LIBRARY = "libc++";
				CLANG_ENABLE_MODULES = YES;
				CLANG_ENABLE_OBJC_ARC = YES;
				CLANG_ENABLE_OBJC_WEAK = YES;
				CLANG_WARN_BLOCK_CAPTURE_AUTORELEASING = YES;
				CLANG_WARN_BOOL_CONVERSION = YES;
				CLANG_WARN_COMMA = YES;
				CLANG_WARN_CONSTANT_CONVERSION = YES;
				CLANG_WARN_DEPRECATED_OBJC_IMPLEMENTATIONS = YES;
				CLANG_WARN_DIRECT_OBJC_ISA_USAGE = YES_ERROR;
				CLANG_WARN_DOCUMENTATION_COMMENTS = YES;
				CLANG_WARN_EMPTY_BODY = YES;
				CLANG_WARN_ENUM_CONVERSION = YES;
				CLANG_WARN_INFINITE_RECURSION = YES;
				CLANG_WARN_INT_CONVERSION = YES;
				CLANG_WARN_NON_LITERAL_NULL_CONVERSION = YES;
				CLANG_WARN_OBJC_IMPLICIT_RETAIN_SELF = YES;
				CLANG_WARN_OBJC_LITERAL_CONVERSION = YES;
				CLANG_WARN_OBJC_ROOT_CLASS = YES_ERROR;
				CLANG_WARN_RANGE_LOOP_ANALYSIS = YES;
				CLANG_WARN_STRICT_PROTOTYPES = YES;
				CLANG_WARN_SUSPICIOUS_MOVE = YES;
				CLANG_WARN_UNGUARDED_AVAILABILITY = YES_AGGRESSIVE;
				CLANG_WARN_UNREACHABLE_CODE = YES;
				CLANG_WARN__DUPLICATE_METHOD_MATCH = YES;
				COPY_PHASE_STRIP = NO;
				DEBUG_INFORMATION_FORMAT = dwarf;
				ENABLE_STRICT_OBJC_MSGSEND = YES;
				ENABLE_TESTABILITY = YES;
				GCC_C_LANGUAGE_STANDARD = gnu11;
				GCC_DYNAMIC_NO_PIC = NO;
				GCC_NO_COMMON_BLOCKS = YES;
				GCC_OPTIMIZATION_LEVEL = 0;
				GCC_PREPROCESSOR_DEFINITIONS = (
					"DEBUG=1",
					"$(inherited)",
				);
				GCC_WARN_64_TO_32_BIT_CONVERSION = YES;
				GCC_WARN_ABOUT_RETURN_TYPE = YES_ERROR;
				GCC_WARN_UNDECLARED_SELECTOR = YES;
				GCC_WARN_UNINITIALIZED_AUTOS = YES_AGGRESSIVE;
				GCC_WARN_UNUSED_FUNCTION = YES;
				GCC_WARN_UNUSED_VARIABLE = YES;
				IPHONEOS_DEPLOYMENT_TARGET = 13.6;
				MTL_ENABLE_DEBUG_INFO = INCLUDE_SOURCE;
				MTL_FAST_MATH = YES;
				ONLY_ACTIVE_ARCH = YES;
				SDKROOT = iphoneos;
				SWIFT_ACTIVE_COMPILATION_CONDITIONS = DEBUG;
				SWIFT_OPTIMIZATION_LEVEL = "-Onone";
			};
			name = Debug;
		};
		83E3AE6624FBE5AE00D76019 /* Release */ = {
			isa = XCBuildConfiguration;
			buildSettings = {
				ALWAYS_SEARCH_USER_PATHS = NO;
				CLANG_ANALYZER_NONNULL = YES;
				CLANG_ANALYZER_NUMBER_OBJECT_CONVERSION = YES_AGGRESSIVE;
				CLANG_CXX_LANGUAGE_STANDARD = "gnu++14";
				CLANG_CXX_LIBRARY = "libc++";
				CLANG_ENABLE_MODULES = YES;
				CLANG_ENABLE_OBJC_ARC = YES;
				CLANG_ENABLE_OBJC_WEAK = YES;
				CLANG_WARN_BLOCK_CAPTURE_AUTORELEASING = YES;
				CLANG_WARN_BOOL_CONVERSION = YES;
				CLANG_WARN_COMMA = YES;
				CLANG_WARN_CONSTANT_CONVERSION = YES;
				CLANG_WARN_DEPRECATED_OBJC_IMPLEMENTATIONS = YES;
				CLANG_WARN_DIRECT_OBJC_ISA_USAGE = YES_ERROR;
				CLANG_WARN_DOCUMENTATION_COMMENTS = YES;
				CLANG_WARN_EMPTY_BODY = YES;
				CLANG_WARN_ENUM_CONVERSION = YES;
				CLANG_WARN_INFINITE_RECURSION = YES;
				CLANG_WARN_INT_CONVERSION = YES;
				CLANG_WARN_NON_LITERAL_NULL_CONVERSION = YES;
				CLANG_WARN_OBJC_IMPLICIT_RETAIN_SELF = YES;
				CLANG_WARN_OBJC_LITERAL_CONVERSION = YES;
				CLANG_WARN_OBJC_ROOT_CLASS = YES_ERROR;
				CLANG_WARN_RANGE_LOOP_ANALYSIS = YES;
				CLANG_WARN_STRICT_PROTOTYPES = YES;
				CLANG_WARN_SUSPICIOUS_MOVE = YES;
				CLANG_WARN_UNGUARDED_AVAILABILITY = YES_AGGRESSIVE;
				CLANG_WARN_UNREACHABLE_CODE = YES;
				CLANG_WARN__DUPLICATE_METHOD_MATCH = YES;
				COPY_PHASE_STRIP = NO;
				DEBUG_INFORMATION_FORMAT = "dwarf-with-dsym";
				ENABLE_NS_ASSERTIONS = NO;
				ENABLE_STRICT_OBJC_MSGSEND = YES;
				GCC_C_LANGUAGE_STANDARD = gnu11;
				GCC_NO_COMMON_BLOCKS = YES;
				GCC_WARN_64_TO_32_BIT_CONVERSION = YES;
				GCC_WARN_ABOUT_RETURN_TYPE = YES_ERROR;
				GCC_WARN_UNDECLARED_SELECTOR = YES;
				GCC_WARN_UNINITIALIZED_AUTOS = YES_AGGRESSIVE;
				GCC_WARN_UNUSED_FUNCTION = YES;
				GCC_WARN_UNUSED_VARIABLE = YES;
				IPHONEOS_DEPLOYMENT_TARGET = 13.6;
				MTL_ENABLE_DEBUG_INFO = NO;
				MTL_FAST_MATH = YES;
				SDKROOT = iphoneos;
				SWIFT_COMPILATION_MODE = wholemodule;
				SWIFT_OPTIMIZATION_LEVEL = "-O";
				VALIDATE_PRODUCT = YES;
			};
			name = Release;
		};
		83E3AE6824FBE5AE00D76019 /* Debug */ = {
			isa = XCBuildConfiguration;
			buildSettings = {
				ASSETCATALOG_COMPILER_APPICON_NAME = AppIcon;
				CODE_SIGN_STYLE = Automatic;
				DEVELOPMENT_ASSET_PATHS = "\"BucketList/Preview Content\"";
				DEVELOPMENT_TEAM = R8A5WRA6YZ;
				ENABLE_PREVIEWS = YES;
				INFOPLIST_FILE = BucketList/Info.plist;
				LD_RUNPATH_SEARCH_PATHS = (
					"$(inherited)",
					"@executable_path/Frameworks",
				);
				PRODUCT_BUNDLE_IDENTIFIER = me.vegesna.vijay.BucketList;
				PRODUCT_NAME = "$(TARGET_NAME)";
				SWIFT_VERSION = 5.0;
				TARGETED_DEVICE_FAMILY = "1,2";
			};
			name = Debug;
		};
		83E3AE6924FBE5AE00D76019 /* Release */ = {
			isa = XCBuildConfiguration;
			buildSettings = {
				ASSETCATALOG_COMPILER_APPICON_NAME = AppIcon;
				CODE_SIGN_STYLE = Automatic;
				DEVELOPMENT_ASSET_PATHS = "\"BucketList/Preview Content\"";
				DEVELOPMENT_TEAM = R8A5WRA6YZ;
				ENABLE_PREVIEWS = YES;
				INFOPLIST_FILE = BucketList/Info.plist;
				LD_RUNPATH_SEARCH_PATHS = (
					"$(inherited)",
					"@executable_path/Frameworks",
				);
				PRODUCT_BUNDLE_IDENTIFIER = me.vegesna.vijay.BucketList;
				PRODUCT_NAME = "$(TARGET_NAME)";
				SWIFT_VERSION = 5.0;
				TARGETED_DEVICE_FAMILY = "1,2";
			};
			name = Release;
		};
/* End XCBuildConfiguration section */

/* Begin XCConfigurationList section */
		83E3AE4E24FBE5AA00D76019 /* Build configuration list for PBXProject "BucketList" */ = {
			isa = XCConfigurationList;
			buildConfigurations = (
				83E3AE6524FBE5AE00D76019 /* Debug */,
				83E3AE6624FBE5AE00D76019 /* Release */,
			);
			defaultConfigurationIsVisible = 0;
			defaultConfigurationName = Release;
		};
		83E3AE6724FBE5AE00D76019 /* Build configuration list for PBXNativeTarget "BucketList" */ = {
			isa = XCConfigurationList;
			buildConfigurations = (
				83E3AE6824FBE5AE00D76019 /* Debug */,
				83E3AE6924FBE5AE00D76019 /* Release */,
			);
			defaultConfigurationIsVisible = 0;
			defaultConfigurationName = Release;
		};
/* End XCConfigurationList section */
	};
	rootObject = 83E3AE4B24FBE5AA00D76019 /* Project object */;
}
